
Microsoft Visual Studio Solution File, Format Version 12.00
# Visual Studio 15
VisualStudioVersion = 15.0.28307.271
MinimumVisualStudioVersion = 10.0.40219.1
Project("{FAE04EC0-301F-11D3-BF4B-00C04F79EFBC}") = "CityInfo.API", "CityInfo.API\CityInfo.API.csproj", "{1E3C2777-B878-43EA-A454-14CEAB103533}"
EndProject
Global
	GlobalSection(SolutionConfigurationPlatforms) = preSolution
		Debug|Any CPU = Debug|Any CPU
		Release|Any CPU = Release|Any CPU
	EndGlobalSection
	GlobalSection(ProjectConfigurationPlatforms) = postSolution
		{1E3C2777-B878-43EA-A454-14CEAB103533}.Debug|Any CPU.ActiveCfg = Debug|Any CPU
		{1E3C2777-B878-43EA-A454-14CEAB103533}.Debug|Any CPU.Build.0 = Debug|Any CPU
		{1E3C2777-B878-43EA-A454-14CEAB103533}.Release|Any CPU.ActiveCfg = Release|Any CPU
		{1E3C2777-B878-43EA-A454-14CEAB103533}.Release|Any CPU.Build.0 = Release|Any CPU
	EndGlobalSection
	GlobalSection(SolutionProperties) = preSolution
		HideSolutionNode = FALSE
	EndGlobalSection
	GlobalSection(ExtensibilityGlobals) = postSolution
		SolutionGuid = {62CCAE3D-7C68-49E8-AE09-D5EB907212D5}
	EndGlobalSection
EndGlobal
